
Microsoft Visual Studio Solution File, Format Version 12.00
Project("{FAE04EC0-301F-11D3-BF4B-00C04F79EFBC}") = "ScpChatExtension", "ScpChatExtension\ScpChatExtension.csproj", "{B01020D6-1817-4F25-811A-532D1E90D5A3}"
EndProject
Global
	GlobalSection(SolutionConfigurationPlatforms) = preSolution
		Debug|Any CPU = Debug|Any CPU
		Release|Any CPU = Release|Any CPU
	EndGlobalSection
	GlobalSection(ProjectConfigurationPlatforms) = postSolution
		{B01020D6-1817-4F25-811A-532D1E90D5A3}.Debug|Any CPU.ActiveCfg = Debug|Any CPU
		{B01020D6-1817-4F25-811A-532D1E90D5A3}.Debug|Any CPU.Build.0 = Debug|Any CPU
		{B01020D6-1817-4F25-811A-532D1E90D5A3}.Release|Any CPU.ActiveCfg = Release|Any CPU
		{B01020D6-1817-4F25-811A-532D1E90D5A3}.Release|Any CPU.Build.0 = Release|Any CPU
	EndGlobalSection
EndGlobal
